
Microsoft Visual Studio Solution File, Format Version 12.00
# Visual Studio Version 16
VisualStudioVersion = 25.0.1706.14
MinimumVisualStudioVersion = 10.0.40219.1
Project("{FAE04EC0-301F-11D3-BF4B-00C04F79EFBC}") = "RendaControl.Api", "RendaControl.Api\RendaControl.Api.csproj", "{CBBBDDBE-A49F-4E16-917B-7F449FA112E8}"
EndProject
Global
	GlobalSection(SolutionConfigurationPlatforms) = preSolution
		Debug|Any CPU = Debug|Any CPU
		Release|Any CPU = Release|Any CPU
	EndGlobalSection
	GlobalSection(ProjectConfigurationPlatforms) = postSolution
		{CBBBDDBE-A49F-4E16-917B-7F449FA112E8}.Debug|Any CPU.ActiveCfg = Debug|Any CPU
		{CBBBDDBE-A49F-4E16-917B-7F449FA112E8}.Debug|Any CPU.Build.0 = Debug|Any CPU
		{CBBBDDBE-A49F-4E16-917B-7F449FA112E8}.Release|Any CPU.ActiveCfg = Release|Any CPU
		{CBBBDDBE-A49F-4E16-917B-7F449FA112E8}.Release|Any CPU.Build.0 = Release|Any CPU
	EndGlobalSection
	GlobalSection(SolutionProperties) = preSolution
		HideSolutionNode = FALSE
	EndGlobalSection
	GlobalSection(ExtensibilityGlobals) = postSolution
		SolutionGuid = {411BCCE0-0706-409A-B128-D86837A68605}
	EndGlobalSection
EndGlobal
