<Solution>
  <Folder Name="/src/">
    <Project Path="src/RendaControl.Application/RendaControl.Application.csproj" />
    <Project Path="src/RendaControl.Domain/RendaControl.Domain.csproj" />
    <Project Path="src/RendaControl.Persistence/RendaControl.Persistence.csproj" />
    <Project Path="src/RendaControl.Web/RendaControl.Web.csproj" />
  </Folder>
</Solution>
